
Microsoft Visual Studio Solution File, Format Version 12.00
# Visual Studio Version 17
VisualStudioVersion = 17.12.35514.174 d17.12
MinimumVisualStudioVersion = 10.0.40219.1
Project("{2150E333-8FDC-42A3-9474-1A3956D46DE8}") = "Task0", "Task0", "{7408B22B-239F-4437-B385-B9E74BC435EE}"
EndProject
Project("{FAE04EC0-301F-11D3-BF4B-00C04F79EFBC}") = "Tyiu.Vuma.Sprint0.Task0.V0", "Tyiu.Vuma.Sprint0.Task0.V0\Tyiu.Vuma.Sprint0.Task0.V0.csproj", "{6AD4FEC2-4DE2-4B2A-82AE-EDF2A4DD1EBF}"
EndProject
Global
	GlobalSection(SolutionConfigurationPlatforms) = preSolution
		Debug|Any CPU = Debug|Any CPU
		Release|Any CPU = Release|Any CPU
	EndGlobalSection
	GlobalSection(ProjectConfigurationPlatforms) = postSolution
		{6AD4FEC2-4DE2-4B2A-82AE-EDF2A4DD1EBF}.Debug|Any CPU.ActiveCfg = Debug|Any CPU
		{6AD4FEC2-4DE2-4B2A-82AE-EDF2A4DD1EBF}.Debug|Any CPU.Build.0 = Debug|Any CPU
		{6AD4FEC2-4DE2-4B2A-82AE-EDF2A4DD1EBF}.Release|Any CPU.ActiveCfg = Release|Any CPU
		{6AD4FEC2-4DE2-4B2A-82AE-EDF2A4DD1EBF}.Release|Any CPU.Build.0 = Release|Any CPU
	EndGlobalSection
	GlobalSection(SolutionProperties) = preSolution
		HideSolutionNode = FALSE
	EndGlobalSection
	GlobalSection(NestedProjects) = preSolution
		{6AD4FEC2-4DE2-4B2A-82AE-EDF2A4DD1EBF} = {7408B22B-239F-4437-B385-B9E74BC435EE}
	EndGlobalSection
EndGlobal
